
Microsoft Visual Studio Solution File, Format Version 12.00
# Visual Studio 14
VisualStudioVersion = 14.0.25420.1
MinimumVisualStudioVersion = 10.0.40219.1
Project("{2150E333-8FDC-42A3-9474-1A3956D46DE8}") = "test", "test", "{E574C3A2-C0D5-43A4-BCB8-DCD3F25CF17E}"
EndProject
Project("{2150E333-8FDC-42A3-9474-1A3956D46DE8}") = "Solution Items", "Solution Items", "{A90F0451-DCF7-44B6-B28B-06F8B14B8754}"
	ProjectSection(SolutionItems) = preProject
		global.json = global.json
	EndProjectSection
EndProject
Project("{8BB2217D-0F2D-49D1-97BC-3654ED321F3B}") = "Phunk.Test.NET", "src\PhunkTest\Phunk.Test.NET.xproj", "{53130AFE-167B-4B35-922B-19C41365448F}"
EndProject
Global
	GlobalSection(SolutionConfigurationPlatforms) = preSolution
		Debug|Any CPU = Debug|Any CPU
		Release|Any CPU = Release|Any CPU
	EndGlobalSection
	GlobalSection(ProjectConfigurationPlatforms) = postSolution
		{53130AFE-167B-4B35-922B-19C41365448F}.Debug|Any CPU.ActiveCfg = Debug|Any CPU
		{53130AFE-167B-4B35-922B-19C41365448F}.Debug|Any CPU.Build.0 = Debug|Any CPU
		{53130AFE-167B-4B35-922B-19C41365448F}.Release|Any CPU.ActiveCfg = Release|Any CPU
		{53130AFE-167B-4B35-922B-19C41365448F}.Release|Any CPU.Build.0 = Release|Any CPU
	EndGlobalSection
	GlobalSection(SolutionProperties) = preSolution
		HideSolutionNode = FALSE
	EndGlobalSection
	GlobalSection(NestedProjects) = preSolution
		{53130AFE-167B-4B35-922B-19C41365448F} = {E574C3A2-C0D5-43A4-BCB8-DCD3F25CF17E}
	EndGlobalSection
EndGlobal
